{
  "name": "node",
  "version": "1.0.0",
  "lockfileVersion": 1,
  "requires": true,
  "dependencies": {
    "jenkins": {
      "version": "0.28.1",
      "resolved": "https://registry.npmjs.org/jenkins/-/jenkins-0.28.1.tgz",
      "integrity": "sha512-gcC4QUrP4VzdqOMHoVzh36XlJprxJkI2HGLQSY7w84KoCTVNDcR/8O00tYyXp9vrZOx4wl5zCXLVKMgH2IoyJQ==",
      "requires": {
        "papi": "^0.29.0"
      }
    },
    "papi": {
      "version": "0.29.1",
      "resolved": "https://registry.npmjs.org/papi/-/papi-0.29.1.tgz",
      "integrity": "sha512-Y9ipSMfWuuVFO3zY9PlxOmEg+bQ7CeJ28sa9/a0veYNynLf9fwjR3+3fld5otEy7okUaEOUuCHVH62MyTmACXQ=="
    },
    "sax": {
      "version": "1.2.4",
      "resolved": "https://registry.npmjs.org/sax/-/sax-1.2.4.tgz",
      "integrity": "sha512-NqVDv9TpANUjFm0N8uM5GxL36UgKi9/atZw+x7YFnQ8ckwFGKrl4xX4yWtrey3UJm5nP1kUbnYgLopqWNSRhWw=="
    },
    "xml2js": {
      "version": "0.4.23",
      "resolved": "https://registry.npmjs.org/xml2js/-/xml2js-0.4.23.tgz",
      "integrity": "sha512-ySPiMjM0+pLDftHgXY4By0uswI3SPKLDw/i3UXbnO8M/p28zqexCUoPmQFrYD+/1BzhGJSs2i1ERWKJAtiLrug==",
      "requires": {
        "sax": ">=0.6.0",
        "xmlbuilder": "~11.0.0"
      }
    },
    "xmlbuilder": {
      "version": "11.0.1",
      "resolved": "https://registry.npmjs.org/xmlbuilder/-/xmlbuilder-11.0.1.tgz",
      "integrity": "sha512-fDlsI/kFEx7gLvbecc0/ohLG50fugQp8ryHzMTuW9vSa1GJ0XYWKnhsUx7oie3G98+r56aTQIUB4kht42R3JvA=="
    }
  }
}
